
Microsoft Visual Studio Solution File, Format Version 12.00
# Visual Studio Version 17
VisualStudioVersion = 17.14.36221.1 d17.14
MinimumVisualStudioVersion = 10.0.40219.1
Project("{FAE04EC0-301F-11D3-BF4B-00C04F79EFBC}") = "WebApplication2", "WebApplication2\WebApplication2.csproj", "{CE63D9D8-0A85-4E0B-8F4E-4C447E9F7F34}"
EndProject
Global
	GlobalSection(SolutionConfigurationPlatforms) = preSolution
		Debug|Any CPU = Debug|Any CPU
		Release|Any CPU = Release|Any CPU
	EndGlobalSection
	GlobalSection(ProjectConfigurationPlatforms) = postSolution
		{CE63D9D8-0A85-4E0B-8F4E-4C447E9F7F34}.Debug|Any CPU.ActiveCfg = Debug|Any CPU
		{CE63D9D8-0A85-4E0B-8F4E-4C447E9F7F34}.Debug|Any CPU.Build.0 = Debug|Any CPU
		{CE63D9D8-0A85-4E0B-8F4E-4C447E9F7F34}.Release|Any CPU.ActiveCfg = Release|Any CPU
		{CE63D9D8-0A85-4E0B-8F4E-4C447E9F7F34}.Release|Any CPU.Build.0 = Release|Any CPU
	EndGlobalSection
	GlobalSection(SolutionProperties) = preSolution
		HideSolutionNode = FALSE
	EndGlobalSection
	GlobalSection(ExtensibilityGlobals) = postSolution
		SolutionGuid = {95DB0379-A0CE-4B4D-A91D-9923F960EF6B}
	EndGlobalSection
EndGlobal
